
Microsoft Visual Studio Solution File, Format Version 12.00
# Visual Studio Version 17
VisualStudioVersion = 17.7.34202.233
MinimumVisualStudioVersion = 10.0.40219.1
Project("{2150E333-8FDC-42A3-9474-1A3956D46DE8}") = "Services", "Services", "{A3F6CE3C-D02B-47DD-880A-50B568668D70}"
EndProject
Project("{2150E333-8FDC-42A3-9474-1A3956D46DE8}") = "Product", "Product", "{633067FB-E758-461E-B51C-B1784939E574}"
EndProject
Project("{9A19103F-16F7-4668-BE54-9A1E7A4F7556}") = "Product.API", "Services\Product\Product.API\Product.API.csproj", "{B354DEFC-A7B2-43D5-B6D2-31BA2CA5B6A0}"
EndProject
Project("{2150E333-8FDC-42A3-9474-1A3956D46DE8}") = "Treatment", "Treatment", "{ECDA3B02-9279-4710-BF8E-BC9E5F975A8E}"
EndProject
Project("{9A19103F-16F7-4668-BE54-9A1E7A4F7556}") = "Recipe.API", "Services\Treatment\Recipe.API\Recipe.API.csproj", "{C0968EB4-042F-4DB8-B36F-DF09F35A2712}"
EndProject
Project("{2150E333-8FDC-42A3-9474-1A3956D46DE8}") = "Ordering", "Ordering", "{257FD059-F9AE-4BCC-9CFE-404BD97076F1}"
EndProject
Project("{9A19103F-16F7-4668-BE54-9A1E7A4F7556}") = "Ordering.Core", "Services\Ordering\Ordering.Core\Ordering.Core.csproj", "{29665603-8A45-47BF-BA96-C6B61E16E5EF}"
EndProject
Project("{9A19103F-16F7-4668-BE54-9A1E7A4F7556}") = "Ordering.Infrastructure", "Services\Ordering\Ordering.Infrastructure\Ordering.Infrastructure.csproj", "{98B92331-FDC7-4D09-8F8E-182DBDC02F94}"
EndProject
Project("{9A19103F-16F7-4668-BE54-9A1E7A4F7556}") = "Ordering.API", "Services\Ordering\Ordering.API\Ordering.API.csproj", "{5BE8AC3E-BF50-4C0D-BB18-0B30EA17B009}"
EndProject
Project("{9A19103F-16F7-4668-BE54-9A1E7A4F7556}") = "Ordering.Application", "Services\Ordering\Ordering.Application\Ordering.Application.csproj", "{17CD784B-9B17-4DB2-A6A0-0D254E31EF01}"
EndProject
Project("{9A19103F-16F7-4668-BE54-9A1E7A4F7556}") = "Product.Core", "Services\Product\Product.Core\Product.Core.csproj", "{7E7738E8-EA44-4AB7-A18B-50CC133834AC}"
EndProject
Project("{9A19103F-16F7-4668-BE54-9A1E7A4F7556}") = "Product.Application", "Services\Product\Product.Application\Product.Application.csproj", "{004BF96F-18F5-4DCE-AD5C-9F1916F3BA18}"
EndProject
Project("{9A19103F-16F7-4668-BE54-9A1E7A4F7556}") = "Product.Infrastructure", "Services\Product\Product.Infrastructure\Product.Infrastructure.csproj", "{A27E3805-D2E5-4CEE-B362-F83230216E15}"
EndProject
Project("{9A19103F-16F7-4668-BE54-9A1E7A4F7556}") = "Recipe.Core", "Services\Treatment\Recipe.Core\Recipe.Core.csproj", "{3F2F71AC-E8ED-4F79-9F19-1DC277B171B9}"
EndProject
Project("{9A19103F-16F7-4668-BE54-9A1E7A4F7556}") = "Recipe.Application", "Services\Treatment\Recipe.Application\Recipe.Application.csproj", "{AD4ACBFC-072B-4E97-ACA4-82BE00234112}"
EndProject
Project("{9A19103F-16F7-4668-BE54-9A1E7A4F7556}") = "Recipe.Infrastructure", "Services\Treatment\Recipe.Infrastructure\Recipe.Infrastructure.csproj", "{B687FDA1-C1FC-4AE0-B6C9-B6AB6CB3C9A7}"
EndProject
Global
	GlobalSection(SolutionConfigurationPlatforms) = preSolution
		Debug|Any CPU = Debug|Any CPU
		Release|Any CPU = Release|Any CPU
	EndGlobalSection
	GlobalSection(ProjectConfigurationPlatforms) = postSolution
		{B354DEFC-A7B2-43D5-B6D2-31BA2CA5B6A0}.Debug|Any CPU.ActiveCfg = Debug|Any CPU
		{B354DEFC-A7B2-43D5-B6D2-31BA2CA5B6A0}.Debug|Any CPU.Build.0 = Debug|Any CPU
		{B354DEFC-A7B2-43D5-B6D2-31BA2CA5B6A0}.Release|Any CPU.ActiveCfg = Release|Any CPU
		{B354DEFC-A7B2-43D5-B6D2-31BA2CA5B6A0}.Release|Any CPU.Build.0 = Release|Any CPU
		{C0968EB4-042F-4DB8-B36F-DF09F35A2712}.Debug|Any CPU.ActiveCfg = Debug|Any CPU
		{C0968EB4-042F-4DB8-B36F-DF09F35A2712}.Debug|Any CPU.Build.0 = Debug|Any CPU
		{C0968EB4-042F-4DB8-B36F-DF09F35A2712}.Release|Any CPU.ActiveCfg = Release|Any CPU
		{C0968EB4-042F-4DB8-B36F-DF09F35A2712}.Release|Any CPU.Build.0 = Release|Any CPU
		{29665603-8A45-47BF-BA96-C6B61E16E5EF}.Debug|Any CPU.ActiveCfg = Debug|Any CPU
		{29665603-8A45-47BF-BA96-C6B61E16E5EF}.Debug|Any CPU.Build.0 = Debug|Any CPU
		{29665603-8A45-47BF-BA96-C6B61E16E5EF}.Release|Any CPU.ActiveCfg = Release|Any CPU
		{29665603-8A45-47BF-BA96-C6B61E16E5EF}.Release|Any CPU.Build.0 = Release|Any CPU
		{98B92331-FDC7-4D09-8F8E-182DBDC02F94}.Debug|Any CPU.ActiveCfg = Debug|Any CPU
		{98B92331-FDC7-4D09-8F8E-182DBDC02F94}.Debug|Any CPU.Build.0 = Debug|Any CPU
		{98B92331-FDC7-4D09-8F8E-182DBDC02F94}.Release|Any CPU.ActiveCfg = Release|Any CPU
		{98B92331-FDC7-4D09-8F8E-182DBDC02F94}.Release|Any CPU.Build.0 = Release|Any CPU
		{5BE8AC3E-BF50-4C0D-BB18-0B30EA17B009}.Debug|Any CPU.ActiveCfg = Debug|Any CPU
		{5BE8AC3E-BF50-4C0D-BB18-0B30EA17B009}.Debug|Any CPU.Build.0 = Debug|Any CPU
		{5BE8AC3E-BF50-4C0D-BB18-0B30EA17B009}.Release|Any CPU.ActiveCfg = Release|Any CPU
		{5BE8AC3E-BF50-4C0D-BB18-0B30EA17B009}.Release|Any CPU.Build.0 = Release|Any CPU
		{17CD784B-9B17-4DB2-A6A0-0D254E31EF01}.Debug|Any CPU.ActiveCfg = Debug|Any CPU
		{17CD784B-9B17-4DB2-A6A0-0D254E31EF01}.Debug|Any CPU.Build.0 = Debug|Any CPU
		{17CD784B-9B17-4DB2-A6A0-0D254E31EF01}.Release|Any CPU.ActiveCfg = Release|Any CPU
		{17CD784B-9B17-4DB2-A6A0-0D254E31EF01}.Release|Any CPU.Build.0 = Release|Any CPU
		{7E7738E8-EA44-4AB7-A18B-50CC133834AC}.Debug|Any CPU.ActiveCfg = Debug|Any CPU
		{7E7738E8-EA44-4AB7-A18B-50CC133834AC}.Debug|Any CPU.Build.0 = Debug|Any CPU
		{7E7738E8-EA44-4AB7-A18B-50CC133834AC}.Release|Any CPU.ActiveCfg = Release|Any CPU
		{7E7738E8-EA44-4AB7-A18B-50CC133834AC}.Release|Any CPU.Build.0 = Release|Any CPU
		{004BF96F-18F5-4DCE-AD5C-9F1916F3BA18}.Debug|Any CPU.ActiveCfg = Debug|Any CPU
		{004BF96F-18F5-4DCE-AD5C-9F1916F3BA18}.Debug|Any CPU.Build.0 = Debug|Any CPU
		{004BF96F-18F5-4DCE-AD5C-9F1916F3BA18}.Release|Any CPU.ActiveCfg = Release|Any CPU
		{004BF96F-18F5-4DCE-AD5C-9F1916F3BA18}.Release|Any CPU.Build.0 = Release|Any CPU
		{A27E3805-D2E5-4CEE-B362-F83230216E15}.Debug|Any CPU.ActiveCfg = Debug|Any CPU
		{A27E3805-D2E5-4CEE-B362-F83230216E15}.Debug|Any CPU.Build.0 = Debug|Any CPU
		{A27E3805-D2E5-4CEE-B362-F83230216E15}.Release|Any CPU.ActiveCfg = Release|Any CPU
		{A27E3805-D2E5-4CEE-B362-F83230216E15}.Release|Any CPU.Build.0 = Release|Any CPU
		{3F2F71AC-E8ED-4F79-9F19-1DC277B171B9}.Debug|Any CPU.ActiveCfg = Debug|Any CPU
		{3F2F71AC-E8ED-4F79-9F19-1DC277B171B9}.Debug|Any CPU.Build.0 = Debug|Any CPU
		{3F2F71AC-E8ED-4F79-9F19-1DC277B171B9}.Release|Any CPU.ActiveCfg = Release|Any CPU
		{3F2F71AC-E8ED-4F79-9F19-1DC277B171B9}.Release|Any CPU.Build.0 = Release|Any CPU
		{AD4ACBFC-072B-4E97-ACA4-82BE00234112}.Debug|Any CPU.ActiveCfg = Debug|Any CPU
		{AD4ACBFC-072B-4E97-ACA4-82BE00234112}.Debug|Any CPU.Build.0 = Debug|Any CPU
		{AD4ACBFC-072B-4E97-ACA4-82BE00234112}.Release|Any CPU.ActiveCfg = Release|Any CPU
		{AD4ACBFC-072B-4E97-ACA4-82BE00234112}.Release|Any CPU.Build.0 = Release|Any CPU
		{B687FDA1-C1FC-4AE0-B6C9-B6AB6CB3C9A7}.Debug|Any CPU.ActiveCfg = Debug|Any CPU
		{B687FDA1-C1FC-4AE0-B6C9-B6AB6CB3C9A7}.Debug|Any CPU.Build.0 = Debug|Any CPU
		{B687FDA1-C1FC-4AE0-B6C9-B6AB6CB3C9A7}.Release|Any CPU.ActiveCfg = Release|Any CPU
		{B687FDA1-C1FC-4AE0-B6C9-B6AB6CB3C9A7}.Release|Any CPU.Build.0 = Release|Any CPU
	EndGlobalSection
	GlobalSection(SolutionProperties) = preSolution
		HideSolutionNode = FALSE
	EndGlobalSection
	GlobalSection(NestedProjects) = preSolution
		{633067FB-E758-461E-B51C-B1784939E574} = {A3F6CE3C-D02B-47DD-880A-50B568668D70}
		{B354DEFC-A7B2-43D5-B6D2-31BA2CA5B6A0} = {633067FB-E758-461E-B51C-B1784939E574}
		{ECDA3B02-9279-4710-BF8E-BC9E5F975A8E} = {A3F6CE3C-D02B-47DD-880A-50B568668D70}
		{C0968EB4-042F-4DB8-B36F-DF09F35A2712} = {ECDA3B02-9279-4710-BF8E-BC9E5F975A8E}
		{257FD059-F9AE-4BCC-9CFE-404BD97076F1} = {A3F6CE3C-D02B-47DD-880A-50B568668D70}
		{29665603-8A45-47BF-BA96-C6B61E16E5EF} = {257FD059-F9AE-4BCC-9CFE-404BD97076F1}
		{98B92331-FDC7-4D09-8F8E-182DBDC02F94} = {257FD059-F9AE-4BCC-9CFE-404BD97076F1}
		{5BE8AC3E-BF50-4C0D-BB18-0B30EA17B009} = {257FD059-F9AE-4BCC-9CFE-404BD97076F1}
		{17CD784B-9B17-4DB2-A6A0-0D254E31EF01} = {257FD059-F9AE-4BCC-9CFE-404BD97076F1}
		{7E7738E8-EA44-4AB7-A18B-50CC133834AC} = {633067FB-E758-461E-B51C-B1784939E574}
		{004BF96F-18F5-4DCE-AD5C-9F1916F3BA18} = {633067FB-E758-461E-B51C-B1784939E574}
		{A27E3805-D2E5-4CEE-B362-F83230216E15} = {633067FB-E758-461E-B51C-B1784939E574}
		{3F2F71AC-E8ED-4F79-9F19-1DC277B171B9} = {ECDA3B02-9279-4710-BF8E-BC9E5F975A8E}
		{AD4ACBFC-072B-4E97-ACA4-82BE00234112} = {ECDA3B02-9279-4710-BF8E-BC9E5F975A8E}
		{B687FDA1-C1FC-4AE0-B6C9-B6AB6CB3C9A7} = {ECDA3B02-9279-4710-BF8E-BC9E5F975A8E}
	EndGlobalSection
	GlobalSection(ExtensibilityGlobals) = postSolution
		SolutionGuid = {559DA4D1-7F28-4048-938A-9369588F214F}
	EndGlobalSection
EndGlobal
